// !$*UTF8*$!
{
	archiveVersion = 1;
	classes = {
	};
	objectVersion = 50;
	objects = {

/* Begin PBXBuildFile section */
		BB951B4723049C3B001D554D /* AppDelegate.swift in Sources */ = {isa = PBXBuildFile; fileRef = BB951B4623049C3B001D554D /* AppDelegate.swift */; };
		BB951B4923049C3B001D554D /* SceneDelegate.swift in Sources */ = {isa = PBXBuildFile; fileRef = BB951B4823049C3B001D554D /* SceneDelegate.swift */; };
		BB951B4B23049C3B001D554D /* ViewController.swift in Sources */ = {isa = PBXBuildFile; fileRef = BB951B4A23049C3B001D554D /* ViewController.swift */; };
		BB951B4E23049C3B001D554D /* Main.storyboard in Resources */ = {isa = PBXBuildFile; fileRef = BB951B4C23049C3B001D554D /* Main.storyboard */; };
		BB951B5023049C3D001D554D /* Assets.xcassets in Resources */ = {isa = PBXBuildFile; fileRef = BB951B4F23049C3D001D554D /* Assets.xcassets */; };
		BB951B5323049C3D001D554D /* LaunchScreen.storyboard in Resources */ = {isa = PBXBuildFile; fileRef = BB951B5123049C3D001D554D /* LaunchScreen.storyboard */; };
		BBCF58AC23049F30001ECFEE /* WebKit.framework in Frameworks */ = {isa = PBXBuildFile; fileRef = BBCF58AB23049F30001ECFEE /* WebKit.framework */; };
/* End PBXBuildFile section */

/* Begin PBXFileReference section */
		BB951B4323049C3B001D554D /* open-sesame.app */ = {isa = PBXFileReference; explicitFileType = wrapper.application; includeInIndex = 0; path = "open-sesame.app"; sourceTree = BUILT_PRODUCTS_DIR; };
		BB951B4623049C3B001D554D /* AppDelegate.swift */ = {isa = PBXFileReference; lastKnownFileType = sourcecode.swift; path = AppDelegate.swift; sourceTree = "<group>"; };
		BB951B4823049C3B001D554D /* SceneDelegate.swift */ = {isa = PBXFileReference; lastKnownFileType = sourcecode.swift; path = SceneDelegate.swift; sourceTree = "<group>"; };
		BB951B4A23049C3B001D554D /* ViewController.swift */ = {isa = PBXFileReference; lastKnownFileType = sourcecode.swift; path = ViewController.swift; sourceTree = "<group>"; };
		BB951B4D23049C3B001D554D /* Base */ = {isa = PBXFileReference; lastKnownFileType = file.storyboard; name = Base; path = Base.lproj/Main.storyboard; sourceTree = "<group>"; };
		BB951B4F23049C3D001D554D /* Assets.xcassets */ = {isa = PBXFileReference; lastKnownFileType = folder.assetcatalog; path = Assets.xcassets; sourceTree = "<group>"; };
		BB951B5223049C3D001D554D /* Base */ = {isa = PBXFileReference; lastKnownFileType = file.storyboard; name = Base; path = Base.lproj/LaunchScreen.storyboard; sourceTree = "<group>"; };
		BB951B5423049C3D001D554D /* Info.plist */ = {isa = PBXFileReference; lastKnownFileType = text.plist.xml; path = Info.plist; sourceTree = "<group>"; };
		BBCF58AB23049F30001ECFEE /* WebKit.framework */ = {isa = PBXFileReference; lastKnownFileType = wrapper.framework; name = WebKit.framework; path = System/Library/Frameworks/WebKit.framework; sourceTree = SDKROOT; };
/* End PBXFileReference section */

/* Begin PBXFrameworksBuildPhase section */
		BB951B4023049C3B001D554D /* Frameworks */ = {
			isa = PBXFrameworksBuildPhase;
			buildActionMask = 2147483647;
			files = (
				BBCF58AC23049F30001ECFEE /* WebKit.framework in Frameworks */,
			);
			runOnlyForDeploymentPostprocessing = 0;
		};
/* End PBXFrameworksBuildPhase section */

/* Begin PBXGroup section */
		BB951B3A23049C3B001D554D = {
			isa = PBXGroup;
			children = (
				BB951B4523049C3B001D554D /* open-sesame */,
				BB951B4423049C3B001D554D /* Products */,
				BBCF58AA23049F2F001ECFEE /* Frameworks */,
			);
			sourceTree = "<group>";
		};
		BB951B4423049C3B001D554D /* Products */ = {
			isa = PBXGroup;
			children = (
				BB951B4323049C3B001D554D /* open-sesame.app */,
			);
			name = Products;
			sourceTree = "<group>";
		};
		BB951B4523049C3B001D554D /* open-sesame */ = {
			isa = PBXGroup;
			children = (
				BB951B4623049C3B001D554D /* AppDelegate.swift */,
				BB951B4823049C3B001D554D /* SceneDelegate.swift */,
				BB951B4A23049C3B001D554D /* ViewController.swift */,
				BB951B4C23049C3B001D554D /* Main.storyboard */,
				BB951B4F23049C3D001D554D /* Assets.xcassets */,
				BB951B5123049C3D001D554D /* LaunchScreen.storyboard */,
				BB951B5423049C3D001D554D /* Info.plist */,
			);
			path = "open-sesame";
			sourceTree = "<group>";
		};
		BBCF58AA23049F2F001ECFEE /* Frameworks */ = {
			isa = PBXGroup;
			children = (
				BBCF58AB23049F30001ECFEE /* WebKit.framework */,
			);
			name = Frameworks;
			sourceTree = "<group>";
		};
/* End PBXGroup section */

/* Begin PBXNativeTarget section */
		BB951B4223049C3B001D554D /* open-sesame */ = {
			isa = PBXNativeTarget;
			buildConfigurationList = BB951B5723049C3D001D554D /* Build configuration list for PBXNativeTarget "open-sesame" */;
			buildPhases = (
				BB951B3F23049C3B001D554D /* Sources */,
				BB951B4023049C3B001D554D /* Frameworks */,
				BB951B4123049C3B001D554D /* Resources */,
			);
			buildRules = (
			);
			dependencies = (
			);
			name = "open-sesame";
			productName = "open-sesame";
			productReference = BB951B4323049C3B001D554D /* open-sesame.app */;
			productType = "com.apple.product-type.application";
		};
/* End PBXNativeTarget section */

/* Begin PBXProject section */
		BB951B3B23049C3B001D554D /* Project object */ = {
			isa = PBXProject;
			attributes = {
				LastSwiftUpdateCheck = 1100;
				LastUpgradeCheck = 1100;
				ORGANIZATIONNAME = "David Wagner";
				TargetAttributes = {
					BB951B4223049C3B001D554D = {
						CreatedOnToolsVersion = 11.0;
					};
				};
			};
			buildConfigurationList = BB951B3E23049C3B001D554D /* Build configuration list for PBXProject "open-sesame" */;
			compatibilityVersion = "Xcode 9.3";
			developmentRegion = en;
			hasScannedForEncodings = 0;
			knownRegions = (
				en,
				Base,
			);
			mainGroup = BB951B3A23049C3B001D554D;
			productRefGroup = BB951B4423049C3B001D554D /* Products */;
			projectDirPath = "";
			projectRoot = "";
			targets = (
				BB951B4223049C3B001D554D /* open-sesame */,
			);
		};
/* End PBXProject section */

/* Begin PBXResourcesBuildPhase section */
		BB951B4123049C3B001D554D /* Resources */ = {
			isa = PBXResourcesBuildPhase;
			buildActionMask = 2147483647;
			files = (
				BB951B5323049C3D001D554D /* LaunchScreen.storyboard in Resources */,
				BB951B5023049C3D001D554D /* Assets.xcassets in Resources */,
				BB951B4E23049C3B001D554D /* Main.storyboard in Resources */,
			);
			runOnlyForDeploymentPostprocessing = 0;
		};
/* End PBXResourcesBuildPhase section */

/* Begin PBXSourcesBuildPhase section */
		BB951B3F23049C3B001D554D /* Sources */ = {
			isa = PBXSourcesBuildPhase;
			buildActionMask = 2147483647;
			files = (
				BB951B4B23049C3B001D554D /* ViewController.swift in Sources */,
				BB951B4723049C3B001D554D /* AppDelegate.swift in Sources */,
				BB951B4923049C3B001D554D /* SceneDelegate.swift in Sources */,
			);
			runOnlyForDeploymentPostprocessing = 0;
		};
/* End PBXSourcesBuildPhase section */

/* Begin PBXVariantGroup section */
		BB951B4C23049C3B001D554D /* Main.storyboard */ = {
			isa = PBXVariantGroup;
			children = (
				BB951B4D23049C3B001D554D /* Base */,
			);
			name = Main.storyboard;
			sourceTree = "<group>";
		};
		BB951B5123049C3D001D554D /* LaunchScreen.storyboard */ = {
			isa = PBXVariantGroup;
			children = (
				BB951B5223049C3D001D554D /* Base */,
			);
			name = LaunchScreen.storyboard;
			sourceTree = "<group>";
		};
/* End PBXVariantGroup section */

/* Begin XCBuildConfiguration section */
		BB951B5523049C3D001D554D /* Debug */ = {
			isa = XCBuildConfiguration;
			buildSettings = {
				ALWAYS_SEARCH_USER_PATHS = NO;
				CLANG_ANALYZER_NONNULL = YES;
				CLANG_ANALYZER_NUMBER_OBJECT_CONVERSION = YES_AGGRESSIVE;
				CLANG_CXX_LANGUAGE_STANDARD = "gnu++14";
				CLANG_CXX_LIBRARY = "libc++";
				CLANG_ENABLE_MODULES = YES;
				CLANG_ENABLE_OBJC_ARC = YES;
				CLANG_ENABLE_OBJC_WEAK = YES;
				CLANG_WARN_BLOCK_CAPTURE_AUTORELEASING = YES;
				CLANG_WARN_BOOL_CONVERSION = YES;
				CLANG_WARN_COMMA = YES;
				CLANG_WARN_CONSTANT_CONVERSION = YES;
				CLANG_WARN_DEPRECATED_OBJC_IMPLEMENTATIONS = YES;
				CLANG_WARN_DIRECT_OBJC_ISA_USAGE = YES_ERROR;
				CLANG_WARN_DOCUMENTATION_COMMENTS = YES;
				CLANG_WARN_EMPTY_BODY = YES;
				CLANG_WARN_ENUM_CONVERSION = YES;
				CLANG_WARN_INFINITE_RECURSION = YES;
				CLANG_WARN_INT_CONVERSION = YES;
				CLANG_WARN_NON_LITERAL_NULL_CONVERSION = YES;
				CLANG_WARN_OBJC_IMPLICIT_RETAIN_SELF = YES;
				CLANG_WARN_OBJC_LITERAL_CONVERSION = YES;
				CLANG_WARN_OBJC_ROOT_CLASS = YES_ERROR;
				CLANG_WARN_RANGE_LOOP_ANALYSIS = YES;
				CLANG_WARN_STRICT_PROTOTYPES = YES;
				CLANG_WARN_SUSPICIOUS_MOVE = YES;
				CLANG_WARN_UNGUARDED_AVAILABILITY = YES_AGGRESSIVE;
				CLANG_WARN_UNREACHABLE_CODE = YES;
				CLANG_WARN__DUPLICATE_METHOD_MATCH = YES;
				COPY_PHASE_STRIP = NO;
				DEBUG_INFORMATION_FORMAT = dwarf;
				ENABLE_STRICT_OBJC_MSGSEND = YES;
				ENABLE_TESTABILITY = YES;
				GCC_C_LANGUAGE_STANDARD = gnu11;
				GCC_DYNAMIC_NO_PIC = NO;
				GCC_NO_COMMON_BLOCKS = YES;
				GCC_OPTIMIZATION_LEVEL = 0;
				GCC_PREPROCESSOR_DEFINITIONS = (
					"DEBUG=1",
					"$(inherited)",
				);
				GCC_WARN_64_TO_32_BIT_CONVERSION = YES;
				GCC_WARN_ABOUT_RETURN_TYPE = YES_ERROR;
				GCC_WARN_UNDECLARED_SELECTOR = YES;
				GCC_WARN_UNINITIALIZED_AUTOS = YES_AGGRESSIVE;
				GCC_WARN_UNUSED_FUNCTION = YES;
				GCC_WARN_UNUSED_VARIABLE = YES;
				IPHONEOS_DEPLOYMENT_TARGET = 11.0;
				MTL_ENABLE_DEBUG_INFO = INCLUDE_SOURCE;
				MTL_FAST_MATH = YES;
				ONLY_ACTIVE_ARCH = YES;
				SDKROOT = iphoneos;
				SWIFT_ACTIVE_COMPILATION_CONDITIONS = DEBUG;
				SWIFT_OPTIMIZATION_LEVEL = "-Onone";
			};
			name = Debug;
		};
		BB951B5623049C3D001D554D /* Release */ = {
			isa = XCBuildConfiguration;
			buildSettings = {
				ALWAYS_SEARCH_USER_PATHS = NO;
				CLANG_ANALYZER_NONNULL = YES;
				CLANG_ANALYZER_NUMBER_OBJECT_CONVERSION = YES_AGGRESSIVE;
				CLANG_CXX_LANGUAGE_STANDARD = "gnu++14";
				CLANG_CXX_LIBRARY = "libc++";
				CLANG_ENABLE_MODULES = YES;
				CLANG_ENABLE_OBJC_ARC = YES;
				CLANG_ENABLE_OBJC_WEAK = YES;
				CLANG_WARN_BLOCK_CAPTURE_AUTORELEASING = YES;
				CLANG_WARN_BOOL_CONVERSION = YES;
				CLANG_WARN_COMMA = YES;
				CLANG_WARN_CONSTANT_CONVERSION = YES;
				CLANG_WARN_DEPRECATED_OBJC_IMPLEMENTATIONS = YES;
				CLANG_WARN_DIRECT_OBJC_ISA_USAGE = YES_ERROR;
				CLANG_WARN_DOCUMENTATION_COMMENTS = YES;
				CLANG_WARN_EMPTY_BODY = YES;
				CLANG_WARN_ENUM_CONVERSION = YES;
				CLANG_WARN_INFINITE_RECURSION = YES;
				CLANG_WARN_INT_CONVERSION = YES;
				CLANG_WARN_NON_LITERAL_NULL_CONVERSION = YES;
				CLANG_WARN_OBJC_IMPLICIT_RETAIN_SELF = YES;
				CLANG_WARN_OBJC_LITERAL_CONVERSION = YES;
				CLANG_WARN_OBJC_ROOT_CLASS = YES_ERROR;
				CLANG_WARN_RANGE_LOOP_ANALYSIS = YES;
				CLANG_WARN_STRICT_PROTOTYPES = YES;
				CLANG_WARN_SUSPICIOUS_MOVE = YES;
				CLANG_WARN_UNGUARDED_AVAILABILITY = YES_AGGRESSIVE;
				CLANG_WARN_UNREACHABLE_CODE = YES;
				CLANG_WARN__DUPLICATE_METHOD_MATCH = YES;
				COPY_PHASE_STRIP = NO;
				DEBUG_INFORMATION_FORMAT = "dwarf-with-dsym";
				ENABLE_NS_ASSERTIONS = NO;
				ENABLE_STRICT_OBJC_MSGSEND = YES;
				GCC_C_LANGUAGE_STANDARD = gnu11;
				GCC_NO_COMMON_BLOCKS = YES;
				GCC_WARN_64_TO_32_BIT_CONVERSION = YES;
				GCC_WARN_ABOUT_RETURN_TYPE = YES_ERROR;
				GCC_WARN_UNDECLARED_SELECTOR = YES;
				GCC_WARN_UNINITIALIZED_AUTOS = YES_AGGRESSIVE;
				GCC_WARN_UNUSED_FUNCTION = YES;
				GCC_WARN_UNUSED_VARIABLE = YES;
				IPHONEOS_DEPLOYMENT_TARGET = 11.0;
				MTL_ENABLE_DEBUG_INFO = NO;
				MTL_FAST_MATH = YES;
				SDKROOT = iphoneos;
				SWIFT_COMPILATION_MODE = wholemodule;
				SWIFT_OPTIMIZATION_LEVEL = "-O";
				VALIDATE_PRODUCT = YES;
			};
			name = Release;
		};
		BB951B5823049C3D001D554D /* Debug */ = {
			isa = XCBuildConfiguration;
			buildSettings = {
				ASSETCATALOG_COMPILER_APPICON_NAME = AppIcon;
				CODE_SIGN_STYLE = Automatic;
				DEVELOPMENT_TEAM = A8NKHWJDUL;
				INFOPLIST_FILE = "open-sesame/Info.plist";
				LD_RUNPATH_SEARCH_PATHS = (
					"$(inherited)",
					"@executable_path/Frameworks",
				);
				PRODUCT_BUNDLE_IDENTIFIER = "com.noiseandheat.scratch.open-sesame";
				PRODUCT_NAME = "$(TARGET_NAME)";
				SWIFT_VERSION = 5.0;
				TARGETED_DEVICE_FAMILY = "1,2";
			};
			name = Debug;
		};
		BB951B5923049C3D001D554D /* Release */ = {
			isa = XCBuildConfiguration;
			buildSettings = {
				ASSETCATALOG_COMPILER_APPICON_NAME = AppIcon;
				CODE_SIGN_STYLE = Automatic;
				DEVELOPMENT_TEAM = A8NKHWJDUL;
				INFOPLIST_FILE = "open-sesame/Info.plist";
				LD_RUNPATH_SEARCH_PATHS = (
					"$(inherited)",
					"@executable_path/Frameworks",
				);
				PRODUCT_BUNDLE_IDENTIFIER = "com.noiseandheat.scratch.open-sesame";
				PRODUCT_NAME = "$(TARGET_NAME)";
				SWIFT_VERSION = 5.0;
				TARGETED_DEVICE_FAMILY = "1,2";
			};
			name = Release;
		};
/* End XCBuildConfiguration section */

/* Begin XCConfigurationList section */
		BB951B3E23049C3B001D554D /* Build configuration list for PBXProject "open-sesame" */ = {
			isa = XCConfigurationList;
			buildConfigurations = (
				BB951B5523049C3D001D554D /* Debug */,
				BB951B5623049C3D001D554D /* Release */,
			);
			defaultConfigurationIsVisible = 0;
			defaultConfigurationName = Release;
		};
		BB951B5723049C3D001D554D /* Build configuration list for PBXNativeTarget "open-sesame" */ = {
			isa = XCConfigurationList;
			buildConfigurations = (
				BB951B5823049C3D001D554D /* Debug */,
				BB951B5923049C3D001D554D /* Release */,
			);
			defaultConfigurationIsVisible = 0;
			defaultConfigurationName = Release;
		};
/* End XCConfigurationList section */
	};
	rootObject = BB951B3B23049C3B001D554D /* Project object */;
}
